
Microsoft Visual Studio Solution File, Format Version 12.00
Project("{FAE04EC0-301F-11D3-BF4B-00C04F79EFBC}") = "AsunaServer.Core", "AsunaServer.Core\AsunaServer.Core.csproj", "{8A5246F8-6B2C-4037-9E3B-20ADF7567C92}"
EndProject
Project("{FAE04EC0-301F-11D3-BF4B-00C04F79EFBC}") = "AsunaServer.Application", "AsunaServer.Application\AsunaServer.Application.csproj", "{8A947D97-8BCE-4FE9-9CD7-31EE1719D7AF}"
EndProject
Project("{FAE04EC0-301F-11D3-BF4B-00C04F79EFBC}") = "AsunaServer.Foundation", "AsunaServer.Foundation\AsunaServer.Foundation.csproj", "{64B8B62F-8DFE-42D5-816B-6F04F7E5F644}"
EndProject
Global
	GlobalSection(SolutionConfigurationPlatforms) = preSolution
		Debug|Any CPU = Debug|Any CPU
		Release|Any CPU = Release|Any CPU
	EndGlobalSection
	GlobalSection(ProjectConfigurationPlatforms) = postSolution
		{8A5246F8-6B2C-4037-9E3B-20ADF7567C92}.Debug|Any CPU.ActiveCfg = Debug|Any CPU
		{8A5246F8-6B2C-4037-9E3B-20ADF7567C92}.Debug|Any CPU.Build.0 = Debug|Any CPU
		{8A5246F8-6B2C-4037-9E3B-20ADF7567C92}.Release|Any CPU.ActiveCfg = Release|Any CPU
		{8A5246F8-6B2C-4037-9E3B-20ADF7567C92}.Release|Any CPU.Build.0 = Release|Any CPU
		{8A947D97-8BCE-4FE9-9CD7-31EE1719D7AF}.Debug|Any CPU.ActiveCfg = Debug|Any CPU
		{8A947D97-8BCE-4FE9-9CD7-31EE1719D7AF}.Debug|Any CPU.Build.0 = Debug|Any CPU
		{8A947D97-8BCE-4FE9-9CD7-31EE1719D7AF}.Release|Any CPU.ActiveCfg = Release|Any CPU
		{8A947D97-8BCE-4FE9-9CD7-31EE1719D7AF}.Release|Any CPU.Build.0 = Release|Any CPU
		{64B8B62F-8DFE-42D5-816B-6F04F7E5F644}.Debug|Any CPU.ActiveCfg = Debug|Any CPU
		{64B8B62F-8DFE-42D5-816B-6F04F7E5F644}.Debug|Any CPU.Build.0 = Debug|Any CPU
		{64B8B62F-8DFE-42D5-816B-6F04F7E5F644}.Release|Any CPU.ActiveCfg = Release|Any CPU
		{64B8B62F-8DFE-42D5-816B-6F04F7E5F644}.Release|Any CPU.Build.0 = Release|Any CPU
	EndGlobalSection
EndGlobal
