
Microsoft Visual Studio Solution File, Format Version 12.00
# Visual Studio Version 17
VisualStudioVersion = 17.3.32929.385
MinimumVisualStudioVersion = 10.0.40219.1
Project("{9A19103F-16F7-4668-BE54-9A1E7A4F7556}") = "AsunaServer.Core", "AsunaServer.Core\AsunaServer.Core.csproj", "{8A5246F8-6B2C-4037-9E3B-20ADF7567C92}"
EndProject
Project("{9A19103F-16F7-4668-BE54-9A1E7A4F7556}") = "AsunaServer", "AsunaServer\AsunaServer.csproj", "{64B8B62F-8DFE-42D5-816B-6F04F7E5F644}"
EndProject
Project("{FAE04EC0-301F-11D3-BF4B-00C04F79EFBC}") = "Demo", "Demo\Demo.csproj", "{893F312B-003F-4B76-9AE0-16542EE11E69}"
EndProject
Global
	GlobalSection(SolutionConfigurationPlatforms) = preSolution
		Debug|Any CPU = Debug|Any CPU
		Release|Any CPU = Release|Any CPU
	EndGlobalSection
	GlobalSection(ProjectConfigurationPlatforms) = postSolution
		{8A5246F8-6B2C-4037-9E3B-20ADF7567C92}.Debug|Any CPU.ActiveCfg = Debug|Any CPU
		{8A5246F8-6B2C-4037-9E3B-20ADF7567C92}.Debug|Any CPU.Build.0 = Debug|Any CPU
		{8A5246F8-6B2C-4037-9E3B-20ADF7567C92}.Release|Any CPU.ActiveCfg = Release|Any CPU
		{8A5246F8-6B2C-4037-9E3B-20ADF7567C92}.Release|Any CPU.Build.0 = Release|Any CPU
		{64B8B62F-8DFE-42D5-816B-6F04F7E5F644}.Debug|Any CPU.ActiveCfg = Debug|Any CPU
		{64B8B62F-8DFE-42D5-816B-6F04F7E5F644}.Debug|Any CPU.Build.0 = Debug|Any CPU
		{64B8B62F-8DFE-42D5-816B-6F04F7E5F644}.Release|Any CPU.ActiveCfg = Release|Any CPU
		{64B8B62F-8DFE-42D5-816B-6F04F7E5F644}.Release|Any CPU.Build.0 = Release|Any CPU
		{893F312B-003F-4B76-9AE0-16542EE11E69}.Debug|Any CPU.ActiveCfg = Debug|Any CPU
		{893F312B-003F-4B76-9AE0-16542EE11E69}.Debug|Any CPU.Build.0 = Debug|Any CPU
		{893F312B-003F-4B76-9AE0-16542EE11E69}.Release|Any CPU.ActiveCfg = Release|Any CPU
		{893F312B-003F-4B76-9AE0-16542EE11E69}.Release|Any CPU.Build.0 = Release|Any CPU
	EndGlobalSection
	GlobalSection(SolutionProperties) = preSolution
		HideSolutionNode = FALSE
	EndGlobalSection
	GlobalSection(ExtensibilityGlobals) = postSolution
		SolutionGuid = {BBC57387-7B90-4F38-8C7D-882A55A61ACC}
	EndGlobalSection
EndGlobal
