
Microsoft Visual Studio Solution File, Format Version 12.00
# Visual Studio Version 17
VisualStudioVersion = 17.3.32929.385
MinimumVisualStudioVersion = 10.0.40219.1
Project("{9A19103F-16F7-4668-BE54-9A1E7A4F7556}") = "CodeSpecificationChecker", "CodeSpecificationChecker\CodeSpecificationChecker.csproj", "{926AEEE1-C56D-46E5-AD70-B958565148A7}"
	ProjectSection(ProjectDependencies) = postProject
		{94E913C5-DE7F-47FE-B6FB-75019A729555} = {94E913C5-DE7F-47FE-B6FB-75019A729555}
	EndProjectSection
EndProject
Project("{9A19103F-16F7-4668-BE54-9A1E7A4F7556}") = "UnityCodeAnalyzer", "UnityCodeAnalyzer\UnityCodeAnalyzer.csproj", "{94E913C5-DE7F-47FE-B6FB-75019A729555}"
EndProject
Project("{9A19103F-16F7-4668-BE54-9A1E7A4F7556}") = "UnityCodeAnalyzer.Package", "UnityCodeAnalyzer.Package\UnityCodeAnalyzer.Package.csproj", "{808636D4-09A8-4445-96E0-64D2E38EB221}"
EndProject
Project("{9A19103F-16F7-4668-BE54-9A1E7A4F7556}") = "UnityCodeAnalyzer.Vsix", "UnityCodeAnalyzer.Vsix\UnityCodeAnalyzer.Vsix.csproj", "{5B46DE49-DE5C-4F00-A7BB-378CB902CB7F}"
EndProject
Global
	GlobalSection(SolutionConfigurationPlatforms) = preSolution
		Debug|Any CPU = Debug|Any CPU
		Release|Any CPU = Release|Any CPU
	EndGlobalSection
	GlobalSection(ProjectConfigurationPlatforms) = postSolution
		{926AEEE1-C56D-46E5-AD70-B958565148A7}.Debug|Any CPU.ActiveCfg = Debug|Any CPU
		{926AEEE1-C56D-46E5-AD70-B958565148A7}.Debug|Any CPU.Build.0 = Debug|Any CPU
		{926AEEE1-C56D-46E5-AD70-B958565148A7}.Release|Any CPU.ActiveCfg = Release|Any CPU
		{926AEEE1-C56D-46E5-AD70-B958565148A7}.Release|Any CPU.Build.0 = Release|Any CPU
		{94E913C5-DE7F-47FE-B6FB-75019A729555}.Debug|Any CPU.ActiveCfg = Debug|Any CPU
		{94E913C5-DE7F-47FE-B6FB-75019A729555}.Debug|Any CPU.Build.0 = Debug|Any CPU
		{94E913C5-DE7F-47FE-B6FB-75019A729555}.Release|Any CPU.ActiveCfg = Release|Any CPU
		{94E913C5-DE7F-47FE-B6FB-75019A729555}.Release|Any CPU.Build.0 = Release|Any CPU
		{808636D4-09A8-4445-96E0-64D2E38EB221}.Debug|Any CPU.ActiveCfg = Debug|Any CPU
		{808636D4-09A8-4445-96E0-64D2E38EB221}.Debug|Any CPU.Build.0 = Debug|Any CPU
		{808636D4-09A8-4445-96E0-64D2E38EB221}.Release|Any CPU.ActiveCfg = Release|Any CPU
		{808636D4-09A8-4445-96E0-64D2E38EB221}.Release|Any CPU.Build.0 = Release|Any CPU
		{5B46DE49-DE5C-4F00-A7BB-378CB902CB7F}.Debug|Any CPU.ActiveCfg = Debug|Any CPU
		{5B46DE49-DE5C-4F00-A7BB-378CB902CB7F}.Debug|Any CPU.Build.0 = Debug|Any CPU
		{5B46DE49-DE5C-4F00-A7BB-378CB902CB7F}.Release|Any CPU.ActiveCfg = Release|Any CPU
		{5B46DE49-DE5C-4F00-A7BB-378CB902CB7F}.Release|Any CPU.Build.0 = Release|Any CPU
	EndGlobalSection
	GlobalSection(SolutionProperties) = preSolution
		HideSolutionNode = FALSE
	EndGlobalSection
	GlobalSection(ExtensibilityGlobals) = postSolution
		SolutionGuid = {44BB42DC-2EC2-47C6-B21C-474B68EC4961}
	EndGlobalSection
EndGlobal
